{
  "name": "brickly-glm-tools-runtime",
  "version": "0.1.0",
  "lockfileVersion": 3,
  "requires": true,
  "packages": {
    "": {
      "name": "brickly-glm-tools-runtime",
      "version": "0.1.0",
      "dependencies": {
        "@syllm/brickly-sdk": "^0.2.0"
      },
      "engines": {
        "node": ">=18.17.0"
      }
    },
    "node_modules/@syllm/brickly-sdk": {
      "version": "0.2.0",
      "resolved": "https://registry.npmjs.org/@syllm/brickly-sdk/-/brickly-sdk-0.2.0.tgz",
      "integrity": "sha512-HdBTYGn/KwlyQEfJVedT7vjamWfSal4YKJh7QIxrHUWa9LJArdvl3Zla68fMXiF2xVw0yb95HScf1+U2mEuH4g==",
      "license": "MIT",
      "bin": {
        "brickly-typegen": "dist/typegen-cli.js"
      },
      "engines": {
        "node": ">=18.0.0"
      }
    }
  }
}
