{
  "name": "com.brickly.resource-echo-node-runtime",
  "version": "0.1.0",
  "lockfileVersion": 3,
  "requires": true,
  "packages": {
    "": {
      "name": "com.brickly.resource-echo-node-runtime",
      "version": "0.1.0",
      "dependencies": {
        "@syllm/brickly-sdk": "^0.5.0"
      }
    },
    "node_modules/@syllm/brickly-sdk": {
      "version": "0.5.0",
      "resolved": "https://registry.npmjs.org/@syllm/brickly-sdk/-/brickly-sdk-0.5.0.tgz",
      "integrity": "sha512-rcLMpdsc9yA/aVCZ2MB2Dx2ONWg0WZAiGB117lpixqmV8I0ZquMrBN0ZnSOzx/Byb2fwrJT6ALcvgKeo1p5b8Q==",
      "license": "MIT",
      "bin": {
        "brickly-typegen": "dist/typegen-cli.js"
      },
      "engines": {
        "node": ">=18.0.0"
      }
    }
  }
}
