{
  "name": "com.brickly.demo-window-lab-runtime",
  "version": "0.1.0",
  "lockfileVersion": 3,
  "requires": true,
  "packages": {
    "": {
      "name": "com.brickly.demo-window-lab-runtime",
      "version": "0.1.0",
      "dependencies": {
        "@syllm/brickly-sdk": "file:../../../../ai-bricks/Brickly/packages/brickly-sdk-node/syllm-brickly-sdk-0.1.2.tgz"
      }
    },
    "node_modules/@syllm/brickly-sdk": {
      "version": "0.1.2",
      "resolved": "file:../../../../ai-bricks/Brickly/packages/brickly-sdk-node/syllm-brickly-sdk-0.1.2.tgz",
      "integrity": "sha512-9nP6iklHcuACnu9INN8AwQ191BD5A9H7JW6IpUAscRk4Au2egaUjaVU3GVumnMKLTSyc5zNQZqg6l0L+e5gRJw==",
      "license": "MIT",
      "bin": {
        "brickly-typegen": "dist/typegen-cli.js"
      },
      "engines": {
        "node": ">=18.0.0"
      }
    }
  }
}
