{
  "name": "com.brickly.input-demo-runtime",
  "lockfileVersion": 3,
  "requires": true,
  "packages": {
    "": {
      "name": "com.brickly.input-demo-runtime",
      "dependencies": {
        "@syllm/brickly-sdk": "^0.1.1"
      }
    },
    "node_modules/@syllm/brickly-sdk": {
      "version": "0.1.1",
      "resolved": "https://registry.npmjs.org/@syllm/brickly-sdk/-/brickly-sdk-0.1.1.tgz",
      "integrity": "sha512-OyK+pOzjXMqqqPQsJlLK4szSU5slDEOiLkQmlD4tEdLRzJYVaXdEYaiWsvx0jM5Wjkdke43lAgosDebMhAWceA==",
      "license": "MIT",
      "bin": {
        "brickly-typegen": "dist/typegen-cli.js"
      },
      "engines": {
        "node": ">=18.0.0"
      }
    }
  }
}
