{
  "name": "com.example.render-gallery-runtime",
  "lockfileVersion": 3,
  "requires": true,
  "packages": {
    "": {
      "name": "com.example.render-gallery-runtime",
      "dependencies": {
        "@syllm/brickly-sdk": "file:../../../../ai-bricks/Brickly/packages/brickly-sdk-node/syllm-brickly-sdk-0.1.2.tgz"
      }
    },
    "node_modules/@syllm/brickly-sdk": {
      "version": "0.1.2",
      "resolved": "file:../../../../ai-bricks/Brickly/packages/brickly-sdk-node/syllm-brickly-sdk-0.1.2.tgz",
      "integrity": "sha512-wsVGPIpmOr0/jFDUjSU8edQwH4tnATOY6CEOcwbqvvVfrmUU2Zq6C0mayV4hUijEgaNC4/oZb8HDJhd1njyqcA==",
      "license": "MIT",
      "bin": {
        "brickly-typegen": "dist/typegen-cli.js"
      },
      "engines": {
        "node": ">=18.0.0"
      }
    }
  }
}
