{
  "name": "com.brickly.json-tools-runtime",
  "lockfileVersion": 3,
  "requires": true,
  "packages": {
    "": {
      "name": "com.brickly.json-tools-runtime",
      "dependencies": {
        "@syllm/brickly-sdk": "^0.3.0"
      }
    },
    "node_modules/@syllm/brickly-sdk": {
      "version": "0.3.0",
      "resolved": "https://registry.npmjs.org/@syllm/brickly-sdk/-/brickly-sdk-0.3.0.tgz",
      "integrity": "sha512-1Hxt/OiKEldHuXCjXjSs/esDY7nCCs4E3I7QjdhjBcMOS/AxW0IY/3hRk6GC2IlHFDrE6rESgGOwzyHcTgSA5g==",
      "license": "MIT",
      "bin": {
        "brickly-typegen": "dist/typegen-cli.js"
      },
      "engines": {
        "node": ">=18.0.0"
      }
    }
  }
}
