{
  "name": "brickly-glm-ocr-screenshot-runtime",
  "version": "0.1.0",
  "lockfileVersion": 3,
  "requires": true,
  "packages": {
    "": {
      "name": "brickly-glm-ocr-screenshot-runtime",
      "version": "0.1.0",
      "dependencies": {
        "@syllm/brickly-sdk": "file:../../../vendor/syllm-brickly-sdk-0.1.2.tgz"
      },
      "engines": {
        "node": ">=18.17.0"
      }
    },
    "node_modules/@syllm/brickly-sdk": {
      "version": "0.1.2",
      "resolved": "file:../../../vendor/syllm-brickly-sdk-0.1.2.tgz",
      "integrity": "sha512-f2IISEnya3LRntnabbaHl2ohDk0jekLnoJcY0wPpdK44H3W3RUnGv69Yi3ZybWHWqL9rAp8LA9ZJ425N+JCnSQ==",
      "license": "MIT",
      "bin": {
        "brickly-typegen": "dist/typegen-cli.js"
      },
      "engines": {
        "node": ">=18.0.0"
      }
    }
  }
}
